
Microsoft Visual Studio Solution File, Format Version 12.00
# Visual Studio Version 17
VisualStudioVersion = 17.4.33205.214
MinimumVisualStudioVersion = 10.0.40219.1
Project("{FAE04EC0-301F-11D3-BF4B-00C04F79EFBC}") = "ConsoleApp18", "ConsoleApp18\ConsoleApp18.csproj", "{EC05F786-A746-4511-95DF-441404FE94F6}"
EndProject
Global
	GlobalSection(SolutionConfigurationPlatforms) = preSolution
		Debug|Any CPU = Debug|Any CPU
		Release|Any CPU = Release|Any CPU
	EndGlobalSection
	GlobalSection(ProjectConfigurationPlatforms) = postSolution
		{EC05F786-A746-4511-95DF-441404FE94F6}.Debug|Any CPU.ActiveCfg = Debug|Any CPU
		{EC05F786-A746-4511-95DF-441404FE94F6}.Debug|Any CPU.Build.0 = Debug|Any CPU
		{EC05F786-A746-4511-95DF-441404FE94F6}.Release|Any CPU.ActiveCfg = Release|Any CPU
		{EC05F786-A746-4511-95DF-441404FE94F6}.Release|Any CPU.Build.0 = Release|Any CPU
	EndGlobalSection
	GlobalSection(SolutionProperties) = preSolution
		HideSolutionNode = FALSE
	EndGlobalSection
	GlobalSection(ExtensibilityGlobals) = postSolution
		SolutionGuid = {2CA6FD06-BB73-4BD9-AA35-20E2550B371C}
	EndGlobalSection
EndGlobal
